// !$*UTF8*$!
{
	archiveVersion = 1;
	classes = {
	};
	objectVersion = 50;
	objects = {

/* Begin PBXBuildFile section */
		3D74A5A41C5B7EB1798EBEC1 /* Pods_Todoey.framework in Frameworks */ = {isa = PBXBuildFile; fileRef = CA430F85CB86D9301EF26BE9 /* Pods_Todoey.framework */; };
		50D17FB6215CBA5800F8AD3C /* AppDelegate.swift in Sources */ = {isa = PBXBuildFile; fileRef = 50D17FB5215CBA5800F8AD3C /* AppDelegate.swift */; };
		50D17FB8215CBA5800F8AD3C /* TodoListViewController.swift in Sources */ = {isa = PBXBuildFile; fileRef = 50D17FB7215CBA5800F8AD3C /* TodoListViewController.swift */; };
		50D17FBB215CBA5800F8AD3C /* Main.storyboard in Resources */ = {isa = PBXBuildFile; fileRef = 50D17FB9215CBA5800F8AD3C /* Main.storyboard */; };
		50D17FBD215CBA5900F8AD3C /* Assets.xcassets in Resources */ = {isa = PBXBuildFile; fileRef = 50D17FBC215CBA5900F8AD3C /* Assets.xcassets */; };
		50D17FC0215CBA5900F8AD3C /* LaunchScreen.storyboard in Resources */ = {isa = PBXBuildFile; fileRef = 50D17FBE215CBA5900F8AD3C /* LaunchScreen.storyboard */; };
		50FA64F1215F8DB3007F39C1 /* DataModel.xcdatamodeld in Sources */ = {isa = PBXBuildFile; fileRef = 50FA64EF215F8DB3007F39C1 /* DataModel.xcdatamodeld */; };
		50FA6516215FC5BD007F39C1 /* CategoryViewController.swift in Sources */ = {isa = PBXBuildFile; fileRef = 50FA6515215FC5BD007F39C1 /* CategoryViewController.swift */; };
/* End PBXBuildFile section */

/* Begin PBXFileReference section */
		50D17FB2215CBA5800F8AD3C /* Todoey.app */ = {isa = PBXFileReference; explicitFileType = wrapper.application; includeInIndex = 0; path = Todoey.app; sourceTree = BUILT_PRODUCTS_DIR; };
		50D17FB5215CBA5800F8AD3C /* AppDelegate.swift */ = {isa = PBXFileReference; lastKnownFileType = sourcecode.swift; path = AppDelegate.swift; sourceTree = "<group>"; };
		50D17FB7215CBA5800F8AD3C /* TodoListViewController.swift */ = {isa = PBXFileReference; lastKnownFileType = sourcecode.swift; path = TodoListViewController.swift; sourceTree = "<group>"; };
		50D17FBA215CBA5800F8AD3C /* Base */ = {isa = PBXFileReference; lastKnownFileType = file.storyboard; name = Base; path = Base.lproj/Main.storyboard; sourceTree = "<group>"; };
		50D17FBC215CBA5900F8AD3C /* Assets.xcassets */ = {isa = PBXFileReference; lastKnownFileType = folder.assetcatalog; path = Assets.xcassets; sourceTree = "<group>"; };
		50D17FBF215CBA5900F8AD3C /* Base */ = {isa = PBXFileReference; lastKnownFileType = file.storyboard; name = Base; path = Base.lproj/LaunchScreen.storyboard; sourceTree = "<group>"; };
		50D17FC1215CBA5900F8AD3C /* Info.plist */ = {isa = PBXFileReference; lastKnownFileType = text.plist.xml; path = Info.plist; sourceTree = "<group>"; };
		50FA64F0215F8DB3007F39C1 /* DataModel.xcdatamodel */ = {isa = PBXFileReference; lastKnownFileType = wrapper.xcdatamodel; path = DataModel.xcdatamodel; sourceTree = "<group>"; };
		50FA6515215FC5BD007F39C1 /* CategoryViewController.swift */ = {isa = PBXFileReference; lastKnownFileType = sourcecode.swift; path = CategoryViewController.swift; sourceTree = "<group>"; };
		616444A1E214A91587DF61F1 /* Pods-Todoey.debug.xcconfig */ = {isa = PBXFileReference; includeInIndex = 1; lastKnownFileType = text.xcconfig; name = "Pods-Todoey.debug.xcconfig"; path = "Pods/Target Support Files/Pods-Todoey/Pods-Todoey.debug.xcconfig"; sourceTree = "<group>"; };
		CA430F85CB86D9301EF26BE9 /* Pods_Todoey.framework */ = {isa = PBXFileReference; explicitFileType = wrapper.framework; includeInIndex = 0; path = Pods_Todoey.framework; sourceTree = BUILT_PRODUCTS_DIR; };
		EB639F8AEE1D57EFB59F6843 /* Pods-Todoey.release.xcconfig */ = {isa = PBXFileReference; includeInIndex = 1; lastKnownFileType = text.xcconfig; name = "Pods-Todoey.release.xcconfig"; path = "Pods/Target Support Files/Pods-Todoey/Pods-Todoey.release.xcconfig"; sourceTree = "<group>"; };
/* End PBXFileReference section */

/* Begin PBXFrameworksBuildPhase section */
		50D17FAF215CBA5800F8AD3C /* Frameworks */ = {
			isa = PBXFrameworksBuildPhase;
			buildActionMask = 2147483647;
			files = (
				3D74A5A41C5B7EB1798EBEC1 /* Pods_Todoey.framework in Frameworks */,
			);
			runOnlyForDeploymentPostprocessing = 0;
		};
/* End PBXFrameworksBuildPhase section */

/* Begin PBXGroup section */
		509C3030215EAE5400337FF4 /* Data Model */ = {
			isa = PBXGroup;
			children = (
				50FA64EF215F8DB3007F39C1 /* DataModel.xcdatamodeld */,
			);
			path = "Data Model";
			sourceTree = "<group>";
		};
		509C3031215EAE7900337FF4 /* Controllers */ = {
			isa = PBXGroup;
			children = (
				50FA6515215FC5BD007F39C1 /* CategoryViewController.swift */,
				50D17FB7215CBA5800F8AD3C /* TodoListViewController.swift */,
			);
			path = Controllers;
			sourceTree = "<group>";
		};
		509C3032215EAEA100337FF4 /* View */ = {
			isa = PBXGroup;
			children = (
				50D17FB9215CBA5800F8AD3C /* Main.storyboard */,
			);
			path = View;
			sourceTree = "<group>";
		};
		509C3033215EAED800337FF4 /* Suppoting Files */ = {
			isa = PBXGroup;
			children = (
				50D17FBC215CBA5900F8AD3C /* Assets.xcassets */,
				50D17FBE215CBA5900F8AD3C /* LaunchScreen.storyboard */,
			);
			path = "Suppoting Files";
			sourceTree = "<group>";
		};
		50D17FA9215CBA5800F8AD3C = {
			isa = PBXGroup;
			children = (
				50D17FB4215CBA5800F8AD3C /* Todoey */,
				50D17FB3215CBA5800F8AD3C /* Products */,
				CB39708CB25D70A7780A453E /* Pods */,
				E2A60273F2EB17290A6E364A /* Frameworks */,
			);
			sourceTree = "<group>";
		};
		50D17FB3215CBA5800F8AD3C /* Products */ = {
			isa = PBXGroup;
			children = (
				50D17FB2215CBA5800F8AD3C /* Todoey.app */,
			);
			name = Products;
			sourceTree = "<group>";
		};
		50D17FB4215CBA5800F8AD3C /* Todoey */ = {
			isa = PBXGroup;
			children = (
				50D17FB5215CBA5800F8AD3C /* AppDelegate.swift */,
				509C3030215EAE5400337FF4 /* Data Model */,
				509C3032215EAEA100337FF4 /* View */,
				509C3031215EAE7900337FF4 /* Controllers */,
				509C3033215EAED800337FF4 /* Suppoting Files */,
				50D17FC1215CBA5900F8AD3C /* Info.plist */,
			);
			path = Todoey;
			sourceTree = "<group>";
		};
		CB39708CB25D70A7780A453E /* Pods */ = {
			isa = PBXGroup;
			children = (
				616444A1E214A91587DF61F1 /* Pods-Todoey.debug.xcconfig */,
				EB639F8AEE1D57EFB59F6843 /* Pods-Todoey.release.xcconfig */,
			);
			name = Pods;
			sourceTree = "<group>";
		};
		E2A60273F2EB17290A6E364A /* Frameworks */ = {
			isa = PBXGroup;
			children = (
				CA430F85CB86D9301EF26BE9 /* Pods_Todoey.framework */,
			);
			name = Frameworks;
			sourceTree = "<group>";
		};
/* End PBXGroup section */

/* Begin PBXNativeTarget section */
		50D17FB1215CBA5800F8AD3C /* Todoey */ = {
			isa = PBXNativeTarget;
			buildConfigurationList = 50D17FC4215CBA5900F8AD3C /* Build configuration list for PBXNativeTarget "Todoey" */;
			buildPhases = (
				D16C01A8F511D53E4A2ADD07 /* [CP] Check Pods Manifest.lock */,
				50D17FAE215CBA5800F8AD3C /* Sources */,
				50D17FAF215CBA5800F8AD3C /* Frameworks */,
				50D17FB0215CBA5800F8AD3C /* Resources */,
				6137A190D9FE3B6129C3BB89 /* [CP] Embed Pods Frameworks */,
			);
			buildRules = (
			);
			dependencies = (
			);
			name = Todoey;
			productName = Todoey;
			productReference = 50D17FB2215CBA5800F8AD3C /* Todoey.app */;
			productType = "com.apple.product-type.application";
		};
/* End PBXNativeTarget section */

/* Begin PBXProject section */
		50D17FAA215CBA5800F8AD3C /* Project object */ = {
			isa = PBXProject;
			attributes = {
				LastSwiftUpdateCheck = 1000;
				LastUpgradeCheck = 1000;
				ORGANIZATIONNAME = "yoram Brami";
				TargetAttributes = {
					50D17FB1215CBA5800F8AD3C = {
						CreatedOnToolsVersion = 10.0;
					};
				};
			};
			buildConfigurationList = 50D17FAD215CBA5800F8AD3C /* Build configuration list for PBXProject "Todoey" */;
			compatibilityVersion = "Xcode 9.3";
			developmentRegion = en;
			hasScannedForEncodings = 0;
			knownRegions = (
				en,
				Base,
			);
			mainGroup = 50D17FA9215CBA5800F8AD3C;
			productRefGroup = 50D17FB3215CBA5800F8AD3C /* Products */;
			projectDirPath = "";
			projectRoot = "";
			targets = (
				50D17FB1215CBA5800F8AD3C /* Todoey */,
			);
		};
/* End PBXProject section */

/* Begin PBXResourcesBuildPhase section */
		50D17FB0215CBA5800F8AD3C /* Resources */ = {
			isa = PBXResourcesBuildPhase;
			buildActionMask = 2147483647;
			files = (
				50D17FC0215CBA5900F8AD3C /* LaunchScreen.storyboard in Resources */,
				50D17FBD215CBA5900F8AD3C /* Assets.xcassets in Resources */,
				50D17FBB215CBA5800F8AD3C /* Main.storyboard in Resources */,
			);
			runOnlyForDeploymentPostprocessing = 0;
		};
/* End PBXResourcesBuildPhase section */

/* Begin PBXShellScriptBuildPhase section */
		6137A190D9FE3B6129C3BB89 /* [CP] Embed Pods Frameworks */ = {
			isa = PBXShellScriptBuildPhase;
			buildActionMask = 2147483647;
			files = (
			);
			inputFileListPaths = (
			);
			inputPaths = (
				"${SRCROOT}/Pods/Target Support Files/Pods-Todoey/Pods-Todoey-frameworks.sh",
				"${BUILT_PRODUCTS_DIR}/Realm/Realm.framework",
				"${BUILT_PRODUCTS_DIR}/RealmSwift/RealmSwift.framework",
			);
			name = "[CP] Embed Pods Frameworks";
			outputFileListPaths = (
			);
			outputPaths = (
				"${TARGET_BUILD_DIR}/${FRAMEWORKS_FOLDER_PATH}/Realm.framework",
				"${TARGET_BUILD_DIR}/${FRAMEWORKS_FOLDER_PATH}/RealmSwift.framework",
			);
			runOnlyForDeploymentPostprocessing = 0;
			shellPath = /bin/sh;
			shellScript = "\"${SRCROOT}/Pods/Target Support Files/Pods-Todoey/Pods-Todoey-frameworks.sh\"\n";
			showEnvVarsInLog = 0;
		};
		D16C01A8F511D53E4A2ADD07 /* [CP] Check Pods Manifest.lock */ = {
			isa = PBXShellScriptBuildPhase;
			buildActionMask = 2147483647;
			files = (
			);
			inputFileListPaths = (
			);
			inputPaths = (
				"${PODS_PODFILE_DIR_PATH}/Podfile.lock",
				"${PODS_ROOT}/Manifest.lock",
			);
			name = "[CP] Check Pods Manifest.lock";
			outputFileListPaths = (
			);
			outputPaths = (
				"$(DERIVED_FILE_DIR)/Pods-Todoey-checkManifestLockResult.txt",
			);
			runOnlyForDeploymentPostprocessing = 0;
			shellPath = /bin/sh;
			shellScript = "diff \"${PODS_PODFILE_DIR_PATH}/Podfile.lock\" \"${PODS_ROOT}/Manifest.lock\" > /dev/null\nif [ $? != 0 ] ; then\n    # print error to STDERR\n    echo \"error: The sandbox is not in sync with the Podfile.lock. Run 'pod install' or update your CocoaPods installation.\" >&2\n    exit 1\nfi\n# This output is used by Xcode 'outputs' to avoid re-running this script phase.\necho \"SUCCESS\" > \"${SCRIPT_OUTPUT_FILE_0}\"\n";
			showEnvVarsInLog = 0;
		};
/* End PBXShellScriptBuildPhase section */

/* Begin PBXSourcesBuildPhase section */
		50D17FAE215CBA5800F8AD3C /* Sources */ = {
			isa = PBXSourcesBuildPhase;
			buildActionMask = 2147483647;
			files = (
				50FA6516215FC5BD007F39C1 /* CategoryViewController.swift in Sources */,
				50D17FB8215CBA5800F8AD3C /* TodoListViewController.swift in Sources */,
				50FA64F1215F8DB3007F39C1 /* DataModel.xcdatamodeld in Sources */,
				50D17FB6215CBA5800F8AD3C /* AppDelegate.swift in Sources */,
			);
			runOnlyForDeploymentPostprocessing = 0;
		};
/* End PBXSourcesBuildPhase section */

/* Begin PBXVariantGroup section */
		50D17FB9215CBA5800F8AD3C /* Main.storyboard */ = {
			isa = PBXVariantGroup;
			children = (
				50D17FBA215CBA5800F8AD3C /* Base */,
			);
			name = Main.storyboard;
			sourceTree = "<group>";
		};
		50D17FBE215CBA5900F8AD3C /* LaunchScreen.storyboard */ = {
			isa = PBXVariantGroup;
			children = (
				50D17FBF215CBA5900F8AD3C /* Base */,
			);
			name = LaunchScreen.storyboard;
			sourceTree = "<group>";
		};
/* End PBXVariantGroup section */

/* Begin XCBuildConfiguration section */
		50D17FC2215CBA5900F8AD3C /* Debug */ = {
			isa = XCBuildConfiguration;
			buildSettings = {
				ALWAYS_SEARCH_USER_PATHS = NO;
				CLANG_ANALYZER_NONNULL = YES;
				CLANG_ANALYZER_NUMBER_OBJECT_CONVERSION = YES_AGGRESSIVE;
				CLANG_CXX_LANGUAGE_STANDARD = "gnu++14";
				CLANG_CXX_LIBRARY = "libc++";
				CLANG_ENABLE_MODULES = YES;
				CLANG_ENABLE_OBJC_ARC = YES;
				CLANG_ENABLE_OBJC_WEAK = YES;
				CLANG_WARN_BLOCK_CAPTURE_AUTORELEASING = YES;
				CLANG_WARN_BOOL_CONVERSION = YES;
				CLANG_WARN_COMMA = YES;
				CLANG_WARN_CONSTANT_CONVERSION = YES;
				CLANG_WARN_DEPRECATED_OBJC_IMPLEMENTATIONS = YES;
				CLANG_WARN_DIRECT_OBJC_ISA_USAGE = YES_ERROR;
				CLANG_WARN_DOCUMENTATION_COMMENTS = YES;
				CLANG_WARN_EMPTY_BODY = YES;
				CLANG_WARN_ENUM_CONVERSION = YES;
				CLANG_WARN_INFINITE_RECURSION = YES;
				CLANG_WARN_INT_CONVERSION = YES;
				CLANG_WARN_NON_LITERAL_NULL_CONVERSION = YES;
				CLANG_WARN_OBJC_IMPLICIT_RETAIN_SELF = YES;
				CLANG_WARN_OBJC_LITERAL_CONVERSION = YES;
				CLANG_WARN_OBJC_ROOT_CLASS = YES_ERROR;
				CLANG_WARN_RANGE_LOOP_ANALYSIS = YES;
				CLANG_WARN_STRICT_PROTOTYPES = YES;
				CLANG_WARN_SUSPICIOUS_MOVE = YES;
				CLANG_WARN_UNGUARDED_AVAILABILITY = YES_AGGRESSIVE;
				CLANG_WARN_UNREACHABLE_CODE = YES;
				CLANG_WARN__DUPLICATE_METHOD_MATCH = YES;
				CODE_SIGN_IDENTITY = "iPhone Developer";
				COPY_PHASE_STRIP = NO;
				DEBUG_INFORMATION_FORMAT = dwarf;
				ENABLE_STRICT_OBJC_MSGSEND = YES;
				ENABLE_TESTABILITY = YES;
				GCC_C_LANGUAGE_STANDARD = gnu11;
				GCC_DYNAMIC_NO_PIC = NO;
				GCC_NO_COMMON_BLOCKS = YES;
				GCC_OPTIMIZATION_LEVEL = 0;
				GCC_PREPROCESSOR_DEFINITIONS = (
					"DEBUG=1",
					"$(inherited)",
				);
				GCC_WARN_64_TO_32_BIT_CONVERSION = YES;
				GCC_WARN_ABOUT_RETURN_TYPE = YES_ERROR;
				GCC_WARN_UNDECLARED_SELECTOR = YES;
				GCC_WARN_UNINITIALIZED_AUTOS = YES_AGGRESSIVE;
				GCC_WARN_UNUSED_FUNCTION = YES;
				GCC_WARN_UNUSED_VARIABLE = YES;
				IPHONEOS_DEPLOYMENT_TARGET = 12.0;
				MTL_ENABLE_DEBUG_INFO = INCLUDE_SOURCE;
				MTL_FAST_MATH = YES;
				ONLY_ACTIVE_ARCH = YES;
				SDKROOT = iphoneos;
				SWIFT_ACTIVE_COMPILATION_CONDITIONS = DEBUG;
				SWIFT_OPTIMIZATION_LEVEL = "-Onone";
			};
			name = Debug;
		};
		50D17FC3215CBA5900F8AD3C /* Release */ = {
			isa = XCBuildConfiguration;
			buildSettings = {
				ALWAYS_SEARCH_USER_PATHS = NO;
				CLANG_ANALYZER_NONNULL = YES;
				CLANG_ANALYZER_NUMBER_OBJECT_CONVERSION = YES_AGGRESSIVE;
				CLANG_CXX_LANGUAGE_STANDARD = "gnu++14";
				CLANG_CXX_LIBRARY = "libc++";
				CLANG_ENABLE_MODULES = YES;
				CLANG_ENABLE_OBJC_ARC = YES;
				CLANG_ENABLE_OBJC_WEAK = YES;
				CLANG_WARN_BLOCK_CAPTURE_AUTORELEASING = YES;
				CLANG_WARN_BOOL_CONVERSION = YES;
				CLANG_WARN_COMMA = YES;
				CLANG_WARN_CONSTANT_CONVERSION = YES;
				CLANG_WARN_DEPRECATED_OBJC_IMPLEMENTATIONS = YES;
				CLANG_WARN_DIRECT_OBJC_ISA_USAGE = YES_ERROR;
				CLANG_WARN_DOCUMENTATION_COMMENTS = YES;
				CLANG_WARN_EMPTY_BODY = YES;
				CLANG_WARN_ENUM_CONVERSION = YES;
				CLANG_WARN_INFINITE_RECURSION = YES;
				CLANG_WARN_INT_CONVERSION = YES;
				CLANG_WARN_NON_LITERAL_NULL_CONVERSION = YES;
				CLANG_WARN_OBJC_IMPLICIT_RETAIN_SELF = YES;
				CLANG_WARN_OBJC_LITERAL_CONVERSION = YES;
				CLANG_WARN_OBJC_ROOT_CLASS = YES_ERROR;
				CLANG_WARN_RANGE_LOOP_ANALYSIS = YES;
				CLANG_WARN_STRICT_PROTOTYPES = YES;
				CLANG_WARN_SUSPICIOUS_MOVE = YES;
				CLANG_WARN_UNGUARDED_AVAILABILITY = YES_AGGRESSIVE;
				CLANG_WARN_UNREACHABLE_CODE = YES;
				CLANG_WARN__DUPLICATE_METHOD_MATCH = YES;
				CODE_SIGN_IDENTITY = "iPhone Developer";
				COPY_PHASE_STRIP = NO;
				DEBUG_INFORMATION_FORMAT = "dwarf-with-dsym";
				ENABLE_NS_ASSERTIONS = NO;
				ENABLE_STRICT_OBJC_MSGSEND = YES;
				GCC_C_LANGUAGE_STANDARD = gnu11;
				GCC_NO_COMMON_BLOCKS = YES;
				GCC_WARN_64_TO_32_BIT_CONVERSION = YES;
				GCC_WARN_ABOUT_RETURN_TYPE = YES_ERROR;
				GCC_WARN_UNDECLARED_SELECTOR = YES;
				GCC_WARN_UNINITIALIZED_AUTOS = YES_AGGRESSIVE;
				GCC_WARN_UNUSED_FUNCTION = YES;
				GCC_WARN_UNUSED_VARIABLE = YES;
				IPHONEOS_DEPLOYMENT_TARGET = 12.0;
				MTL_ENABLE_DEBUG_INFO = NO;
				MTL_FAST_MATH = YES;
				SDKROOT = iphoneos;
				SWIFT_COMPILATION_MODE = wholemodule;
				SWIFT_OPTIMIZATION_LEVEL = "-O";
				VALIDATE_PRODUCT = YES;
			};
			name = Release;
		};
		50D17FC5215CBA5900F8AD3C /* Debug */ = {
			isa = XCBuildConfiguration;
			baseConfigurationReference = 616444A1E214A91587DF61F1 /* Pods-Todoey.debug.xcconfig */;
			buildSettings = {
				ASSETCATALOG_COMPILER_APPICON_NAME = AppIcon;
				CODE_SIGN_STYLE = Automatic;
				DEVELOPMENT_TEAM = "";
				INFOPLIST_FILE = Todoey/Info.plist;
				LD_RUNPATH_SEARCH_PATHS = (
					"$(inherited)",
					"@executable_path/Frameworks",
				);
				PRODUCT_BUNDLE_IDENTIFIER = com.Albert.Clima.Todoey;
				PRODUCT_NAME = "$(TARGET_NAME)";
				SWIFT_VERSION = 4.2;
				TARGETED_DEVICE_FAMILY = "1,2";
			};
			name = Debug;
		};
		50D17FC6215CBA5900F8AD3C /* Release */ = {
			isa = XCBuildConfiguration;
			baseConfigurationReference = EB639F8AEE1D57EFB59F6843 /* Pods-Todoey.release.xcconfig */;
			buildSettings = {
				ASSETCATALOG_COMPILER_APPICON_NAME = AppIcon;
				CODE_SIGN_STYLE = Automatic;
				DEVELOPMENT_TEAM = "";
				INFOPLIST_FILE = Todoey/Info.plist;
				LD_RUNPATH_SEARCH_PATHS = (
					"$(inherited)",
					"@executable_path/Frameworks",
				);
				PRODUCT_BUNDLE_IDENTIFIER = com.Albert.Clima.Todoey;
				PRODUCT_NAME = "$(TARGET_NAME)";
				SWIFT_VERSION = 4.2;
				TARGETED_DEVICE_FAMILY = "1,2";
			};
			name = Release;
		};
/* End XCBuildConfiguration section */

/* Begin XCConfigurationList section */
		50D17FAD215CBA5800F8AD3C /* Build configuration list for PBXProject "Todoey" */ = {
			isa = XCConfigurationList;
			buildConfigurations = (
				50D17FC2215CBA5900F8AD3C /* Debug */,
				50D17FC3215CBA5900F8AD3C /* Release */,
			);
			defaultConfigurationIsVisible = 0;
			defaultConfigurationName = Release;
		};
		50D17FC4215CBA5900F8AD3C /* Build configuration list for PBXNativeTarget "Todoey" */ = {
			isa = XCConfigurationList;
			buildConfigurations = (
				50D17FC5215CBA5900F8AD3C /* Debug */,
				50D17FC6215CBA5900F8AD3C /* Release */,
			);
			defaultConfigurationIsVisible = 0;
			defaultConfigurationName = Release;
		};
/* End XCConfigurationList section */

/* Begin XCVersionGroup section */
		50FA64EF215F8DB3007F39C1 /* DataModel.xcdatamodeld */ = {
			isa = XCVersionGroup;
			children = (
				50FA64F0215F8DB3007F39C1 /* DataModel.xcdatamodel */,
			);
			currentVersion = 50FA64F0215F8DB3007F39C1 /* DataModel.xcdatamodel */;
			path = DataModel.xcdatamodeld;
			sourceTree = "<group>";
			versionGroupType = wrapper.xcdatamodel;
		};
/* End XCVersionGroup section */
	};
	rootObject = 50D17FAA215CBA5800F8AD3C /* Project object */;
}
